# THIS IS AN AUTOGENERATED FILE. DO NOT EDIT THIS FILE DIRECTLY.
# yarn lockfile v1


"@types/marked@^1.2.1":
  version "1.2.2"
  resolved "https://registry.yarnpkg.com/@types/marked/-/marked-1.2.2.tgz#1f858a0e690247ecf3b2eef576f98f86e8d960d4"
  integrity sha512-wLfw1hnuuDYrFz97IzJja0pdVsC0oedtS4QsKH1/inyW9qkLQbXgMUqEQT0MVtUBx3twjWeInUfjQbhBVLECXw==

argparse@^2.0.1:
  version "2.0.1"
  resolved "https://registry.yarnpkg.com/argparse/-/argparse-2.0.1.tgz#246f50f3ca78a3240f6c997e8a9bd1eac49e4b38"
  integrity sha512-8+9WqebbFzpX9OR+Wa6O29asIogeRMzcGtAINdpMHHyAg10f05aSFVBbcEqGf/PXw1EjAZ+q2/bEBg3DvurK3Q==

fontverter@^2.0.0:
  version "2.0.0"
  resolved "https://registry.yarnpkg.com/fontverter/-/fontverter-2.0.0.tgz#6d9e05f963cd402d45dfcae27c83f551ba88c2c7"
  integrity sha512-DFVX5hvXuhi1Jven1tbpebYTCT9XYnvx6/Z+HFUPb7ZRMCW+pj2clU9VMhoTPgWKPhAs7JJDSk3CW1jNUvKCZQ==
  dependencies:
    wawoff2 "^2.0.0"
    woff2sfnt-sfnt2woff "^1.0.0"

harfbuzzjs@^0.3.1:
  version "0.3.1"
  resolved "https://registry.yarnpkg.com/harfbuzzjs/-/harfbuzzjs-0.3.1.tgz#e39ef19b906f824e5b6ee85e5733d5e0cb5f59ee"
  integrity sha512-ut4BzDi4AmrKukuv2NqSqShgGHBUaJu9euswkwUR3GyebDSiPXybLJJyJS4Daakx2UWpPuZ7afXJZaje61Actw==

highlight.js@^10.4.1:
  version "10.7.3"
  resolved "https://registry.yarnpkg.com/highlight.js/-/highlight.js-10.7.3.tgz#697272e3991356e40c3cac566a74eef681756531"
  integrity sha512-tzcUFauisWKNHaRkN4Wjl/ZA07gENAjFl3J/c480dprkGTg5EQstgaNFqBfUqCq54kZRIEcreTsAgF/m2quD7A==

lodash@^4.17.21:
  version "4.17.21"
  resolved "https://registry.yarnpkg.com/lodash/-/lodash-4.17.21.tgz#679591c564c3bffaae8454cf0b3df370c3d6911c"
  integrity sha512-v2kDEe57lecTulaDIuNTPy3Ry4gLGJ6Z1O3vE1krgXZNrsQ+LFTGHVxVjcXPs17LhbZVGedAJv8XZ1tvj5FvSg==

marked@^1.2.5:
  version "1.2.9"
  resolved "https://registry.yarnpkg.com/marked/-/marked-1.2.9.tgz#53786f8b05d4c01a2a5a76b7d1ec9943d29d72dc"
  integrity sha512-H8lIX2SvyitGX+TRdtS06m1jHMijKN/XjfH6Ooii9fvxMlh8QdqBfBDkGUpMWH2kQNrtixjzYUa3SH8ROTgRRw==

p-limit@^3.1.0:
  version "3.1.0"
  resolved "https://registry.yarnpkg.com/p-limit/-/p-limit-3.1.0.tgz#e1daccbe78d0d1388ca18c64fea38e3e57e3706b"
  integrity sha512-TYOanM3wGwNGsZN2cVTYPArw454xnXj5qmWF1bEoAc4+cU/ol7GVh7odevjp1FNHduHc3KZMcFduxU5Xc6uJRQ==
  dependencies:
    yocto-queue "^0.1.0"

pako@^1.0.7:
  version "1.0.11"
  resolved "https://registry.yarnpkg.com/pako/-/pako-1.0.11.tgz#6c9599d340d54dfd3946380252a35705a6b992bf"
  integrity sha512-4hLB8Py4zZce5s4yd9XzopqwVv/yGNhV1Bl8NTmCq1763HeK2+EwVTv+leGeL13Dnh2wfbqowVPXCIO0z4taYw==

subset-font@^2.0.0:
  version "2.0.0"
  resolved "https://registry.yarnpkg.com/subset-font/-/subset-font-2.0.0.tgz#ea1399f2d74e4390f0d05751c39d503bc8792d41"
  integrity sha512-jRvxHrLz5an/F2kg335EM2yFXY12gSQ5ZibJ7K1lxawpPOLoENuuKgyhY7aszScy63eyYSzbVUBDKTYMupVq9A==
  dependencies:
    fontverter "^2.0.0"
    harfbuzzjs "^0.3.1"
    lodash "^4.17.21"
    p-limit "^3.1.0"

wawoff2@^2.0.0:
  version "2.0.1"
  resolved "https://registry.yarnpkg.com/wawoff2/-/wawoff2-2.0.1.tgz#474d8ccae33da3863abad0ee64b70b6db51acac2"
  integrity sha512-r0CEmvpH63r4T15ebFqeOjGqU4+EgTx4I510NtK35EMciSdcTxCw3Byy3JnBonz7iyIFZ0AbVo0bbFpEVuhCYA==
  dependencies:
    argparse "^2.0.1"

woff2sfnt-sfnt2woff@^1.0.0:
  version "1.0.0"
  resolved "https://registry.yarnpkg.com/woff2sfnt-sfnt2woff/-/woff2sfnt-sfnt2woff-1.0.0.tgz#a03618afad537bfb43cdde7fc221aa376d90c47a"
  integrity sha512-edK4COc1c1EpRfMqCZO1xJOvdUtM5dbVb9iz97rScvnTevqEB3GllnLWCmMVp1MfQBdF1DFg/11I0rSyAdS4qQ==
  dependencies:
    pako "^1.0.7"

yocto-queue@^0.1.0:
  version "0.1.0"
  resolved "https://registry.yarnpkg.com/yocto-queue/-/yocto-queue-0.1.0.tgz#0294eb3dee05028d31ee1a5fa2c556a6aaf10a1b"
  integrity sha512-rVksvsnNCdJ/ohGc6xgPwyN8eheCxsiLM8mxuE/t/mOVqJewPuO1miLpTHQiRgTKCLexL4MeAFVagts7HmNZ2Q==
