# THIS IS AN AUTOGENERATED FILE. DO NOT EDIT THIS FILE DIRECTLY.
# yarn lockfile v1


"@types/marked@^1.2.1":
  version "1.2.2"
  resolved "https://registry.yarnpkg.com/@types/marked/-/marked-1.2.2.tgz#1f858a0e690247ecf3b2eef576f98f86e8d960d4"
  integrity sha512-wLfw1hnuuDYrFz97IzJja0pdVsC0oedtS4QsKH1/inyW9qkLQbXgMUqEQT0MVtUBx3twjWeInUfjQbhBVLECXw==

highlight.js@^10.4.1:
  version "10.7.3"
  resolved "https://registry.yarnpkg.com/highlight.js/-/highlight.js-10.7.3.tgz#697272e3991356e40c3cac566a74eef681756531"
  integrity sha512-tzcUFauisWKNHaRkN4Wjl/ZA07gENAjFl3J/c480dprkGTg5EQstgaNFqBfUqCq54kZRIEcreTsAgF/m2quD7A==

marked@^1.2.5:
  version "1.2.9"
  resolved "https://registry.yarnpkg.com/marked/-/marked-1.2.9.tgz#53786f8b05d4c01a2a5a76b7d1ec9943d29d72dc"
  integrity sha512-H8lIX2SvyitGX+TRdtS06m1jHMijKN/XjfH6Ooii9fvxMlh8QdqBfBDkGUpMWH2kQNrtixjzYUa3SH8ROTgRRw==
